lockfileVersion: '9.0'

settings:
  autoInstallPeers: true
  excludeLinksFromLockfile: false

importers:

  .:
    dependencies:
      typescript:
        specifier: '>=5.0.0'
        version: 5.3.3
    devDependencies:
      '@tsconfig/next':
        specifier: ^2.0.3
        version: 2.0.3
      '@tsconfig/node18':
        specifier: ^18.2.4
        version: 18.2.4
      '@tsconfig/nuxt':
        specifier: ^2.0.3
        version: 2.0.3
      '@tsconfig/vite-react':
        specifier: ^3.0.2
        version: 3.0.2

packages:

  '@tsconfig/next@2.0.3':
    resolution: {integrity: sha512-b4aKvmdWnv9aUy+NStUFlefirk3SItW20OJtbi5/ue9oMRaQtUYbN5zsr7OmV3rlx6Gp6h7A82gPoCXhrNGVPQ==}

  '@tsconfig/node18@18.2.4':
    resolution: {integrity: sha512-5xxU8vVs9/FNcvm3gE07fPbn9tl6tqGGWA9tSlwsUEkBxtRnTsNmwrV8gasZ9F/EobaSv9+nu8AxUKccw77JpQ==}

  '@tsconfig/nuxt@2.0.3':
    resolution: {integrity: sha512-LmDm9hZ5FnvkcexWRyLqQaAtiAazYS+IqB7fncnkbbhff9mEJtZrUXABJM/+8uwTwt5Vnub6elabz3liRjk79A==}

  '@tsconfig/vite-react@3.0.2':
    resolution: {integrity: sha512-AFynAtE1Un3Rko20Ghe2mVC/QWD4rStJ2PnyIZU2kzC4UyWpf1YhAEY87GojH/XPZCY8Mdt27gsYyy+6l6HV+w==}

  typescript@5.3.3:
    resolution: {integrity: sha512-pXWcraxM0uxAS+tN0AG/BF2TyqmHO014Z070UsJ+pFvYuRSq8KH8DmWpnbXe0pEPDHXZV3FcAbJkijJ5oNEnWw==}
    engines: {node: '>=14.17'}
    hasBin: true

snapshots:

  '@tsconfig/next@2.0.3': {}

  '@tsconfig/node18@18.2.4': {}

  '@tsconfig/nuxt@2.0.3': {}

  '@tsconfig/vite-react@3.0.2': {}

  typescript@5.3.3: {}
